
Microsoft Visual Studio Solution File, Format Version 12.00
# Visual Studio 15
VisualStudioVersion = 15.0.26124.0
MinimumVisualStudioVersion = 15.0.26124.0
Project("{FAE04EC0-301F-11D3-BF4B-00C04F79EFBC}") = "StringCalculator", "StringCalculator\StringCalculator.csproj", "{BE9CCFE5-176F-4A74-B6E4-DC2DBBF12634}"
EndProject
Project("{FAE04EC0-301F-11D3-BF4B-00C04F79EFBC}") = "StringCalculator.Test", "StringCalculator.Test\StringCalculator.Test.csproj", "{7268655D-8807-4ED4-8D04-2BD70BA823DD}"
EndProject
Project("{FAE04EC0-301F-11D3-BF4B-00C04F79EFBC}") = "StringCalculator.App", "StringCalculator.App\StringCalculator.App.csproj", "{8D265C1D-1961-4D2A-A5F8-375948DBD7AE}"
EndProject
Global
	GlobalSection(SolutionConfigurationPlatforms) = preSolution
		Debug|Any CPU = Debug|Any CPU
		Debug|x64 = Debug|x64
		Debug|x86 = Debug|x86
		Release|Any CPU = Release|Any CPU
		Release|x64 = Release|x64
		Release|x86 = Release|x86
	EndGlobalSection
	GlobalSection(SolutionProperties) = preSolution
		HideSolutionNode = FALSE
	EndGlobalSection
	GlobalSection(ProjectConfigurationPlatforms) = postSolution
		{BE9CCFE5-176F-4A74-B6E4-DC2DBBF12634}.Debug|Any CPU.ActiveCfg = Debug|Any CPU
		{BE9CCFE5-176F-4A74-B6E4-DC2DBBF12634}.Debug|Any CPU.Build.0 = Debug|Any CPU
		{BE9CCFE5-176F-4A74-B6E4-DC2DBBF12634}.Debug|x64.ActiveCfg = Debug|Any CPU
		{BE9CCFE5-176F-4A74-B6E4-DC2DBBF12634}.Debug|x64.Build.0 = Debug|Any CPU
		{BE9CCFE5-176F-4A74-B6E4-DC2DBBF12634}.Debug|x86.ActiveCfg = Debug|Any CPU
		{BE9CCFE5-176F-4A74-B6E4-DC2DBBF12634}.Debug|x86.Build.0 = Debug|Any CPU
		{BE9CCFE5-176F-4A74-B6E4-DC2DBBF12634}.Release|Any CPU.ActiveCfg = Release|Any CPU
		{BE9CCFE5-176F-4A74-B6E4-DC2DBBF12634}.Release|Any CPU.Build.0 = Release|Any CPU
		{BE9CCFE5-176F-4A74-B6E4-DC2DBBF12634}.Release|x64.ActiveCfg = Release|Any CPU
		{BE9CCFE5-176F-4A74-B6E4-DC2DBBF12634}.Release|x64.Build.0 = Release|Any CPU
		{BE9CCFE5-176F-4A74-B6E4-DC2DBBF12634}.Release|x86.ActiveCfg = Release|Any CPU
		{BE9CCFE5-176F-4A74-B6E4-DC2DBBF12634}.Release|x86.Build.0 = Release|Any CPU
		{7268655D-8807-4ED4-8D04-2BD70BA823DD}.Debug|Any CPU.ActiveCfg = Debug|Any CPU
		{7268655D-8807-4ED4-8D04-2BD70BA823DD}.Debug|Any CPU.Build.0 = Debug|Any CPU
		{7268655D-8807-4ED4-8D04-2BD70BA823DD}.Debug|x64.ActiveCfg = Debug|Any CPU
		{7268655D-8807-4ED4-8D04-2BD70BA823DD}.Debug|x64.Build.0 = Debug|Any CPU
		{7268655D-8807-4ED4-8D04-2BD70BA823DD}.Debug|x86.ActiveCfg = Debug|Any CPU
		{7268655D-8807-4ED4-8D04-2BD70BA823DD}.Debug|x86.Build.0 = Debug|Any CPU
		{7268655D-8807-4ED4-8D04-2BD70BA823DD}.Release|Any CPU.ActiveCfg = Release|Any CPU
		{7268655D-8807-4ED4-8D04-2BD70BA823DD}.Release|Any CPU.Build.0 = Release|Any CPU
		{7268655D-8807-4ED4-8D04-2BD70BA823DD}.Release|x64.ActiveCfg = Release|Any CPU
		{7268655D-8807-4ED4-8D04-2BD70BA823DD}.Release|x64.Build.0 = Release|Any CPU
		{7268655D-8807-4ED4-8D04-2BD70BA823DD}.Release|x86.ActiveCfg = Release|Any CPU
		{7268655D-8807-4ED4-8D04-2BD70BA823DD}.Release|x86.Build.0 = Release|Any CPU
		{8D265C1D-1961-4D2A-A5F8-375948DBD7AE}.Debug|Any CPU.ActiveCfg = Debug|Any CPU
		{8D265C1D-1961-4D2A-A5F8-375948DBD7AE}.Debug|Any CPU.Build.0 = Debug|Any CPU
		{8D265C1D-1961-4D2A-A5F8-375948DBD7AE}.Debug|x64.ActiveCfg = Debug|Any CPU
		{8D265C1D-1961-4D2A-A5F8-375948DBD7AE}.Debug|x64.Build.0 = Debug|Any CPU
		{8D265C1D-1961-4D2A-A5F8-375948DBD7AE}.Debug|x86.ActiveCfg = Debug|Any CPU
		{8D265C1D-1961-4D2A-A5F8-375948DBD7AE}.Debug|x86.Build.0 = Debug|Any CPU
		{8D265C1D-1961-4D2A-A5F8-375948DBD7AE}.Release|Any CPU.ActiveCfg = Release|Any CPU
		{8D265C1D-1961-4D2A-A5F8-375948DBD7AE}.Release|Any CPU.Build.0 = Release|Any CPU
		{8D265C1D-1961-4D2A-A5F8-375948DBD7AE}.Release|x64.ActiveCfg = Release|Any CPU
		{8D265C1D-1961-4D2A-A5F8-375948DBD7AE}.Release|x64.Build.0 = Release|Any CPU
		{8D265C1D-1961-4D2A-A5F8-375948DBD7AE}.Release|x86.ActiveCfg = Release|Any CPU
		{8D265C1D-1961-4D2A-A5F8-375948DBD7AE}.Release|x86.Build.0 = Release|Any CPU
	EndGlobalSection
EndGlobal
